
Microsoft Visual Studio Solution File, Format Version 12.00
# Visual Studio Version 17
VisualStudioVersion = 17.1.32414.318
MinimumVisualStudioVersion = 10.0.40219.1
Project("{2150E333-8FDC-42A3-9474-1A3956D46DE8}") = "samples", "samples", "{9FEEA31F-DCB3-4C4D-BBB8-67EC1DE94399}"
EndProject
Project("{FAE04EC0-301F-11D3-BF4B-00C04F79EFBC}") = "MediaPlayer", "samples\MediaPlayer\MediaPlayer.csproj", "{F190C988-C095-45C2-A414-361B7E41ADCE}"
EndProject
Project("{2150E333-8FDC-42A3-9474-1A3956D46DE8}") = ".root", ".root", "{DC72D41E-C73D-416C-A023-9393778C18A7}"
	ProjectSection(SolutionItems) = preProject
		CODE_OF_CONDUCT.md = CODE_OF_CONDUCT.md
		LICENSE = LICENSE
		NuGet.config = NuGet.config
		README.md = README.md
	EndProjectSection
EndProject
Global
	GlobalSection(SolutionConfigurationPlatforms) = preSolution
		Debug|Any CPU = Debug|Any CPU
		Release|Any CPU = Release|Any CPU
	EndGlobalSection
	GlobalSection(ProjectConfigurationPlatforms) = postSolution
		{F190C988-C095-45C2-A414-361B7E41ADCE}.Debug|Any CPU.ActiveCfg = Debug|Any CPU
		{F190C988-C095-45C2-A414-361B7E41ADCE}.Debug|Any CPU.Build.0 = Debug|Any CPU
		{F190C988-C095-45C2-A414-361B7E41ADCE}.Release|Any CPU.ActiveCfg = Release|Any CPU
		{F190C988-C095-45C2-A414-361B7E41ADCE}.Release|Any CPU.Build.0 = Release|Any CPU
	EndGlobalSection
	GlobalSection(SolutionProperties) = preSolution
		HideSolutionNode = FALSE
	EndGlobalSection
	GlobalSection(NestedProjects) = preSolution
		{F190C988-C095-45C2-A414-361B7E41ADCE} = {9FEEA31F-DCB3-4C4D-BBB8-67EC1DE94399}
	EndGlobalSection
	GlobalSection(ExtensibilityGlobals) = postSolution
		SolutionGuid = {00DAD2AC-5F41-4D46-8A9D-B4AEB98B3C01}
	EndGlobalSection
EndGlobal
